# @generated by Move, please check-in and do not edit manually.

[move]
version = 3
manifest_digest = "1BA075959AB26B21387114088196E5A3CC51D2ADA978DF7A5AEB303602507B26"
deps_digest = "F8BBB0CCB2491CA29A3DF03D6F92277A4F3574266507ACD77214D37ECA3F3082"
dependencies = [
  { id = "Sui", name = "Sui" },
]

[[move.package]]
id = "MoveStdlib"
source = { git = "https://github.com/MystenLabs/sui.git", rev = "main", subdir = "crates/sui-framework/packages/move-stdlib" }

[[move.package]]
id = "Sui"
source = { git = "https://github.com/MystenLabs/sui.git", rev = "main", subdir = "crates/sui-framework/packages/sui-framework" }

dependencies = [
  { id = "MoveStdlib", name = "MoveStdlib" },
]

[move.toolchain-version]
compiler-version = "1.54.1"
edition = "2024.beta"
flavor = "sui"

[env]

[env.devnet]
chain-id = "f3356fa1"
original-published-id = "0x7b603192a53667f46adb07eb24501217bb8e64763709117c30e9b85db1e7355e"
latest-published-id = "0x7b603192a53667f46adb07eb24501217bb8e64763709117c30e9b85db1e7355e"
published-version = "1"

[env.testnet]
chain-id = "4c78adac"
original-published-id = "0xe3a869880f44115089b93b73e98db0c54c7d7ee59324d6b1e91d70b78811a5b7"
latest-published-id = "0xe3a869880f44115089b93b73e98db0c54c7d7ee59324d6b1e91d70b78811a5b7"
published-version = "1"
